version = 1
revision = 3
requires-python = "==3.13.7"

[[package]]
name = "altgraph"
version = "0.17.5"
source = { registry = "https://pypi.org/simple" }
sdist = { url = "https://files.pythonhosted.org/packages/7e/f8/97fdf103f38fed6792a1601dbc16cc8aac56e7459a9fff08c812d8ae177a/altgraph-0.17.5.tar.gz", hash = "sha256:c87b395dd12fabde9c99573a9749d67da8d29ef9de0125c7f536699b4a9bc9e7", size = 48428, upload-time = "2025-11-21T20:35:50.583Z" }
wheels = [
    { url = "https://files.pythonhosted.org/packages/a9/ba/000a1996d4308bc65120167c21241a3b205464a2e0b58deda26ae8ac21d1/altgraph-0.17.5-py2.py3-none-any.whl", hash = "sha256:f3a22400bce1b0c701683820ac4f3b159cd301acab067c51c653e06961600597", size = 21228, upload-time = "2025-11-21T20:35:49.444Z" },
]

[[package]]
name = "boto3"
version = "1.35.31"
source = { registry = "https://pypi.org/simple" }
dependencies = [
    { name = "botocore" },
    { name = "jmespath" },
    { name = "s3transfer" },
]
sdist = { url = "https://files.pythonhosted.org/packages/d0/f1/79811295eeb4a17ac30e35811665554b123fe131306f9d241e649c1440c4/boto3-1.35.31.tar.gz", hash = "sha256:8c593af260c4ea3eb6f079c09908f94494ca2222aa4e40a7ff490fab1cee8b39", size = 111034, upload-time = "2024-10-01T19:37:23.964Z" }
wheels = [
    { url = "https://files.pythonhosted.org/packages/33/53/c15e373e6f8057afb0e73a5bd4be85069252d7daa1dc09d21272495e8657/boto3-1.35.31-py3-none-any.whl", hash = "sha256:2e9af74d10d8af7610a8d8468d2914961f116912a024fce17351825260385a52", size = 139138, upload-time = "2024-10-01T19:37:20.254Z" },
]

[[package]]
name = "botocore"
version = "1.35.99"
source = { registry = "https://pypi.org/simple" }
dependencies = [
    { name = "jmespath" },
    { name = "python-dateutil" },
    { name = "urllib3" },
]
sdist = { url = "https://files.pythonhosted.org/packages/7c/9c/1df6deceee17c88f7170bad8325aa91452529d683486273928eecfd946d8/botocore-1.35.99.tar.gz", hash = "sha256:1eab44e969c39c5f3d9a3104a0836c24715579a455f12b3979a31d7cde51b3c3", size = 13490969, upload-time = "2025-01-14T20:20:11.419Z" }
wheels = [
    { url = "https://files.pythonhosted.org/packages/fc/dd/d87e2a145fad9e08d0ec6edcf9d71f838ccc7acdd919acc4c0d4a93515f8/botocore-1.35.99-py3-none-any.whl", hash = "sha256:b22d27b6b617fc2d7342090d6129000af2efd20174215948c0d7ae2da0fab445", size = 13293216, upload-time = "2025-01-14T20:20:06.427Z" },
]

[[package]]
name = "colorama"
version = "0.4.6"
source = { registry = "https://pypi.org/simple" }
sdist = { url = "https://files.pythonhosted.org/packages/d8/53/6f443c9a4a8358a93a6792e2acffb9d9d5cb0a5cfd8802644b7b1c9a02e4/colorama-0.4.6.tar.gz", hash = "sha256:08695f5cb7ed6e0531a20572697297273c47b8cae5a63ffc6d6ed5c201be6e44", size = 27697, upload-time = "2022-10-25T02:36:22.414Z" }
wheels = [
    { url = "https://files.pythonhosted.org/packages/d1/d6/3965ed04c63042e047cb6a3e6ed1a63a35087b6a609aa3a15ed8ac56c221/colorama-0.4.6-py2.py3-none-any.whl", hash = "sha256:4f1d9991f5acc0ca119f9d443620b77f9d6b33703e51011c16baf57afb285fc6", size = 25335, upload-time = "2022-10-25T02:36:20.889Z" },
]

[[package]]
name = "iniconfig"
version = "2.3.0"
source = { registry = "https://pypi.org/simple" }
sdist = { url = "https://files.pythonhosted.org/packages/72/34/14ca021ce8e5dfedc35312d08ba8bf51fdd999c576889fc2c24cb97f4f10/iniconfig-2.3.0.tar.gz", hash = "sha256:c76315c77db068650d49c5b56314774a7804df16fee4402c1f19d6d15d8c4730", size = 20503, upload-time = "2025-10-18T21:55:43.219Z" }
wheels = [
    { url = "https://files.pythonhosted.org/packages/cb/b1/3846dd7f199d53cb17f49cba7e651e9ce294d8497c8c150530ed11865bb8/iniconfig-2.3.0-py3-none-any.whl", hash = "sha256:f631c04d2c48c52b84d0d0549c99ff3859c98df65b3101406327ecc7d53fbf12", size = 7484, upload-time = "2025-10-18T21:55:41.639Z" },
]

[[package]]
name = "jmespath"
version = "1.1.0"
source = { registry = "https://pypi.org/simple" }
sdist = { url = "https://files.pythonhosted.org/packages/d3/59/322338183ecda247fb5d1763a6cbe46eff7222eaeebafd9fa65d4bf5cb11/jmespath-1.1.0.tar.gz", hash = "sha256:472c87d80f36026ae83c6ddd0f1d05d4e510134ed462851fd5f754c8c3cbb88d", size = 27377, upload-time = "2026-01-22T16:35:26.279Z" }
wheels = [
    { url = "https://files.pythonhosted.org/packages/14/2f/967ba146e6d58cf6a652da73885f52fc68001525b4197effc174321d70b4/jmespath-1.1.0-py3-none-any.whl", hash = "sha256:a5663118de4908c91729bea0acadca56526eb2698e83de10cd116ae0f4e97c64", size = 20419, upload-time = "2026-01-22T16:35:24.919Z" },
]

[[package]]
name = "logsmith"
version = "10.1.0rc2"
source = { virtual = "." }
dependencies = [
    { name = "boto3" },
    { name = "pyinstaller" },
    { name = "pyqt6" },
    { name = "pytest" },
    { name = "pytest-mock" },
    { name = "ruamel-yaml" },
]

[package.metadata]
requires-dist = [
    { name = "boto3", specifier = "==1.35.31" },
    { name = "pyinstaller", specifier = "==6.10.0" },
    { name = "pyqt6", specifier = "==6.7.1" },
    { name = "pytest", specifier = "==8.0.2" },
    { name = "pytest-mock", specifier = "==3.15.1" },
    { name = "ruamel-yaml", specifier = "==0.18.6" },
]

[[package]]
name = "macholib"
version = "1.16.4"
source = { registry = "https://pypi.org/simple" }
dependencies = [
    { name = "altgraph" },
]
sdist = { url = "https://files.pythonhosted.org/packages/10/2f/97589876ea967487978071c9042518d28b958d87b17dceb7cdc1d881f963/macholib-1.16.4.tar.gz", hash = "sha256:f408c93ab2e995cd2c46e34fe328b130404be143469e41bc366c807448979362", size = 59427, upload-time = "2025-11-22T08:28:38.373Z" }
wheels = [
    { url = "https://files.pythonhosted.org/packages/c7/d1/a9f36f8ecdf0fb7c9b1e78c8d7af12b8c8754e74851ac7b94a8305540fc7/macholib-1.16.4-py2.py3-none-any.whl", hash = "sha256:da1a3fa8266e30f0ce7e97c6a54eefaae8edd1e5f86f3eb8b95457cae90265ea", size = 38117, upload-time = "2025-11-22T08:28:36.939Z" },
]

[[package]]
name = "packaging"
version = "26.0"
source = { registry = "https://pypi.org/simple" }
sdist = { url = "https://files.pythonhosted.org/packages/65/ee/299d360cdc32edc7d2cf530f3accf79c4fca01e96ffc950d8a52213bd8e4/packaging-26.0.tar.gz", hash = "sha256:00243ae351a257117b6a241061796684b084ed1c516a08c48a3f7e147a9d80b4", size = 143416, upload-time = "2026-01-21T20:50:39.064Z" }
wheels = [
    { url = "https://files.pythonhosted.org/packages/b7/b9/c538f279a4e237a006a2c98387d081e9eb060d203d8ed34467cc0f0b9b53/packaging-26.0-py3-none-any.whl", hash = "sha256:b36f1fef9334a5588b4166f8bcd26a14e521f2b55e6b9de3aaa80d3ff7a37529", size = 74366, upload-time = "2026-01-21T20:50:37.788Z" },
]

[[package]]
name = "pefile"
version = "2024.8.26"
source = { registry = "https://pypi.org/simple" }
sdist = { url = "https://files.pythonhosted.org/packages/03/4f/2750f7f6f025a1507cd3b7218691671eecfd0bbebebe8b39aa0fe1d360b8/pefile-2024.8.26.tar.gz", hash = "sha256:3ff6c5d8b43e8c37bb6e6dd5085658d658a7a0bdcd20b6a07b1fcfc1c4e9d632", size = 76008, upload-time = "2024-08-26T20:58:38.155Z" }
wheels = [
    { url = "https://files.pythonhosted.org/packages/54/16/12b82f791c7f50ddec566873d5bdd245baa1491bac11d15ffb98aecc8f8b/pefile-2024.8.26-py3-none-any.whl", hash = "sha256:76f8b485dcd3b1bb8166f1128d395fa3d87af26360c2358fb75b80019b957c6f", size = 74766, upload-time = "2024-08-26T21:01:02.632Z" },
]

[[package]]
name = "pluggy"
version = "1.6.0"
source = { registry = "https://pypi.org/simple" }
sdist = { url = "https://files.pythonhosted.org/packages/f9/e2/3e91f31a7d2b083fe6ef3fa267035b518369d9511ffab804f839851d2779/pluggy-1.6.0.tar.gz", hash = "sha256:7dcc130b76258d33b90f61b658791dede3486c3e6bfb003ee5c9bfb396dd22f3", size = 69412, upload-time = "2025-05-15T12:30:07.975Z" }
wheels = [
    { url = "https://files.pythonhosted.org/packages/54/20/4d324d65cc6d9205fabedc306948156824eb9f0ee1633355a8f7ec5c66bf/pluggy-1.6.0-py3-none-any.whl", hash = "sha256:e920276dd6813095e9377c0bc5566d94c932c33b27a3e3945d8389c374dd4746", size = 20538, upload-time = "2025-05-15T12:30:06.134Z" },
]

[[package]]
name = "pyinstaller"
version = "6.10.0"
source = { registry = "https://pypi.org/simple" }
dependencies = [
    { name = "altgraph" },
    { name = "macholib", marker = "sys_platform == 'darwin'" },
    { name = "packaging" },
    { name = "pefile", marker = "sys_platform == 'win32'" },
    { name = "pyinstaller-hooks-contrib" },
    { name = "pywin32-ctypes", marker = "sys_platform == 'win32'" },
    { name = "setuptools" },
]
sdist = { url = "https://files.pythonhosted.org/packages/5c/df/30b1f66d35defa37e676556acca4eb775b49637bb73054b0c31af134cd8a/pyinstaller-6.10.0.tar.gz", hash = "sha256:143840f8056ff7b910bf8f16f6cd92cc10a6c2680bb76d0a25d558d543d21270", size = 2464746, upload-time = "2024-08-10T16:37:15.601Z" }
wheels = [
    { url = "https://files.pythonhosted.org/packages/a6/fd/9b3c208c9cc822555b88c6af051da5f7291f367e4337ea44b138008ba2fb/pyinstaller-6.10.0-py3-none-macosx_10_13_universal2.whl", hash = "sha256:d60fb22859e11483af735aec115fdde09467cdbb29edd9844839f2c920b748c0", size = 984872, upload-time = "2024-08-10T16:35:22.129Z" },
    { url = "https://files.pythonhosted.org/packages/b7/1c/1071c69e21b27ca5b1ea185fb897a0e724e85b8c4456b0b142b0cac3c33b/pyinstaller-6.10.0-py3-none-manylinux2014_aarch64.whl", hash = "sha256:46d75359668993ddd98630a3669dc5249f3c446e35239b43bc7f4155bc574748", size = 705041, upload-time = "2024-08-10T16:35:31.61Z" },
    { url = "https://files.pythonhosted.org/packages/c4/44/4e20bf97d464cb27fd9b25321c94beb8d1f5ed7176af38fe6a22d8766d2e/pyinstaller-6.10.0-py3-none-manylinux2014_i686.whl", hash = "sha256:3398a98fa17d47ccb31f8779ecbdacec025f7adb2f22757a54b706ac8b4fe906", size = 707309, upload-time = "2024-08-10T16:35:40.622Z" },
    { url = "https://files.pythonhosted.org/packages/65/e7/452dc579bd38b50142a0886a3a0fd67aa14fb84ea0376f339a568931319c/pyinstaller-6.10.0-py3-none-manylinux2014_ppc64le.whl", hash = "sha256:e9989f354ae4ed8a3bec7bdb37ae0d170751d6520e500f049c7cd0632d31d5c3", size = 712476, upload-time = "2024-08-10T16:35:48.985Z" },
    { url = "https://files.pythonhosted.org/packages/6e/56/5ce76d7dd53f8ed13d91d0ac9688b5624c849ad2dfcee18ff5709955d150/pyinstaller-6.10.0-py3-none-manylinux2014_s390x.whl", hash = "sha256:b7c90c91921b3749083115b28f30f40abf2bb481ceff196d2b2ce0eaa2b3d429", size = 702859, upload-time = "2024-08-10T16:35:55.79Z" },
    { url = "https://files.pythonhosted.org/packages/19/78/604bec9cd73cd02ed29f7bd72ec25dff6eccc57554ec3ab096959fae65de/pyinstaller-6.10.0-py3-none-manylinux2014_x86_64.whl", hash = "sha256:6cf876d7d93b8b4f28d1ad57fa24645cf43119c79e985dd5e5f7a801245e6f53", size = 703343, upload-time = "2024-08-10T16:36:02.374Z" },
    { url = "https://files.pythonhosted.org/packages/ba/8f/f21b92a90bb48a0e59f448ff6f92a823457922207cede7ae3abedcbfb974/pyinstaller-6.10.0-py3-none-musllinux_1_1_aarch64.whl", hash = "sha256:db05e3f2f10f9f78c56f1fb163d9cb453433429fe4281218ebaf1ebfd39ba942", size = 707763, upload-time = "2024-08-10T16:36:08.251Z" },
    { url = "https://files.pythonhosted.org/packages/fa/77/eeac52914f24d952524493d3190f6a383582d4abb117076f50264eba0f9e/pyinstaller-6.10.0-py3-none-musllinux_1_1_x86_64.whl", hash = "sha256:28eca3817f176fdc19747e1afcf434f13bb9f17a644f611be2c5a61b1f498ed7", size = 703742, upload-time = "2024-08-10T16:36:14.311Z" },
    { url = "https://files.pythonhosted.org/packages/a2/fd/dcbeb93783b983c8bf5d9cab929361761b0c3bc560de5377041eb2aec2b0/pyinstaller-6.10.0-py3-none-win32.whl", hash = "sha256:703e041718987e46ba0568a2c71ecf2459fddef57cf9edf3efeed4a53e3dae3f", size = 1272503, upload-time = "2024-08-10T16:36:27.633Z" },
    { url = "https://files.pythonhosted.org/packages/c2/13/fe1ea2fb379a4ea86fa38c224b853b94227246840484feccbb4f2fded615/pyinstaller-6.10.0-py3-none-win_amd64.whl", hash = "sha256:95b55966e563e8b8f31a43882aea10169e9a11fdf38e626d86a2907b640c0701", size = 1332831, upload-time = "2024-08-10T16:36:38.305Z" },
    { url = "https://files.pythonhosted.org/packages/4e/4f/d46f182cae5b43d97b18fa5b167a233ec04fd616d60514aece08d5c45ab8/pyinstaller-6.10.0-py3-none-win_arm64.whl", hash = "sha256:308e0a8670c9c9ac0cebbf1bbb492e71b6675606f2ec78bc4adfc830d209e087", size = 1259686, upload-time = "2024-08-10T16:36:53.356Z" },
]

[[package]]
name = "pyinstaller-hooks-contrib"
version = "2026.1"
source = { registry = "https://pypi.org/simple" }
dependencies = [
    { name = "packaging" },
    { name = "setuptools" },
]
sdist = { url = "https://files.pythonhosted.org/packages/95/eb/e1dd9a5348e4cf348471c0e5fd617d948779bc3199cf4edb134d8fceca91/pyinstaller_hooks_contrib-2026.1.tar.gz", hash = "sha256:a5f0891a1e81e92406ab917d9e76adfd7a2b68415ee2e35c950a7b3910bc361b", size = 171504, upload-time = "2026-02-18T13:01:15.711Z" }
wheels = [
    { url = "https://files.pythonhosted.org/packages/7f/69/12bafee3cc485d977f596e0d803d7c6fb147430fc35dfe505730aa3a28dd/pyinstaller_hooks_contrib-2026.1-py3-none-any.whl", hash = "sha256:66ad4888ba67de6f3cfd7ef554f9dd1a4389e2eb19f84d7129a5a6818e3f2180", size = 452841, upload-time = "2026-02-18T13:01:14.471Z" },
]

[[package]]
name = "pyqt6"
version = "6.7.1"
source = { registry = "https://pypi.org/simple" }
dependencies = [
    { name = "pyqt6-qt6" },
    { name = "pyqt6-sip" },
]
sdist = { url = "https://files.pythonhosted.org/packages/d1/f9/b0c2ba758b14a7219e076138ea1e738c068bf388e64eee68f3df4fc96f5a/PyQt6-6.7.1.tar.gz", hash = "sha256:3672a82ccd3a62e99ab200a13903421e2928e399fda25ced98d140313ad59cb9", size = 1051212, upload-time = "2024-07-19T08:49:58.247Z" }
wheels = [
    { url = "https://files.pythonhosted.org/packages/45/b0/20a05cfe287a1bc5a034cfed002bb1999f71c15e53a6ab7886c010ea0ba3/PyQt6-6.7.1-1-cp38-abi3-manylinux_2_28_aarch64.whl", hash = "sha256:7f397f4b38b23b5588eb2c0933510deb953d96b1f0323a916c4839c2a66ccccc", size = 8020146, upload-time = "2024-07-31T09:50:04.992Z" },
    { url = "https://files.pythonhosted.org/packages/e4/d3/8789879c05cfe06127c4b59258632bd175fcdd9eaaadaf0c897b458fb91d/PyQt6-6.7.1-1-cp38-abi3-manylinux_2_28_x86_64.whl", hash = "sha256:c2f202b7941aa74e5c7e1463a6f27d9131dbc1e6cabe85571d7364f5b3de7397", size = 8227345, upload-time = "2024-07-31T09:50:13.511Z" },
    { url = "https://files.pythonhosted.org/packages/15/2b/a0c516931697214dcb93b24a62f54b7467194ba1c76f3f7a55cb3a120cc9/PyQt6-6.7.1-cp38-abi3-macosx_11_0_universal2.whl", hash = "sha256:f053378e3aef6248fa612c8afddda17f942fb63f9fe8a9aeb2a6b6b4cbb0eba9", size = 11871174, upload-time = "2024-07-19T08:49:21.831Z" },
    { url = "https://files.pythonhosted.org/packages/59/8c/3b528f5fa8dfc3d0ba07d8da37ea72dfc59352d80804a12507d7080efb30/PyQt6-6.7.1-cp38-abi3-manylinux_2_28_aarch64.whl", hash = "sha256:0adb7914c732ad1dee46d9cec838a98cb2b11bc38cc3b7b36fbd8701ae64bf47", size = 7999939, upload-time = "2024-07-19T08:49:30.82Z" },
    { url = "https://files.pythonhosted.org/packages/d8/58/5082dd3654da2b17de19057f181526df566f38af90f517cb8a541bea0890/PyQt6-6.7.1-cp38-abi3-manylinux_2_28_x86_64.whl", hash = "sha256:2d771fa0981514cb1ee937633dfa64f14caa902707d9afffab66677f3a73e3da", size = 8177790, upload-time = "2024-07-19T08:49:48.394Z" },
    { url = "https://files.pythonhosted.org/packages/a3/69/99d22ee685c08a99fcf2048d366fe6173ba6e43ee13b95a3a2ac2911c52c/PyQt6-6.7.1-cp38-abi3-win_amd64.whl", hash = "sha256:fa3954698233fe286a8afc477b84d8517f0788eb46b74da69d3ccc0170d3714c", size = 6596360, upload-time = "2024-07-19T08:49:55.594Z" },
]

[[package]]
name = "pyqt6-qt6"
version = "6.7.3"
source = { registry = "https://pypi.org/simple" }
wheels = [
    { url = "https://files.pythonhosted.org/packages/25/a2/9ef7c001068da2d3c8c37fe0e1e0451b1073d47c6ef4e44abf5883559963/PyQt6_Qt6-6.7.3-py3-none-macosx_10_14_x86_64.whl", hash = "sha256:f517a93b6b1a814d4aa6587adc312e812ebaf4d70415bb15cfb44268c5ad3f5f", size = 49136114, upload-time = "2024-09-29T16:25:15.055Z" },
    { url = "https://files.pythonhosted.org/packages/ec/63/a85bdd7c66800208f0af417bb4d07cb1543a75384021e4594e66d919f855/PyQt6_Qt6-6.7.3-py3-none-macosx_11_0_arm64.whl", hash = "sha256:8551732984fb36a5f4f3db51eafc4e8e6caf18617365830285306f2db17a94c2", size = 45762813, upload-time = "2024-09-29T16:25:20.956Z" },
    { url = "https://files.pythonhosted.org/packages/8a/6c/4f329f83a6082a7b4c1dc6046e2c48edb72e0d6d0ca3f8d0701fe134dccf/PyQt6_Qt6-6.7.3-py3-none-manylinux_2_28_aarch64.whl", hash = "sha256:50c7482bcdcf2bb78af257fb10ed8b582f8daf91d829782393bc50ac5a0a900c", size = 63801442, upload-time = "2024-09-29T16:25:26.637Z" },
    { url = "https://files.pythonhosted.org/packages/88/4d/26ca7239f7223e5b95b58a58537a09b069582ebb4dfa38234113a9f898ab/PyQt6_Qt6-6.7.3-py3-none-manylinux_2_28_x86_64.whl", hash = "sha256:cb525fdd393332de60887953029276a44de480fce1d785251ae639580f5e7246", size = 74366973, upload-time = "2024-09-29T16:25:33.595Z" },
    { url = "https://files.pythonhosted.org/packages/7e/57/3b44f6af1020fa543bd564c5bd346ba4aab1f1be0b861c2e8a0ad88cf3ca/PyQt6_Qt6-6.7.3-py3-none-win_amd64.whl", hash = "sha256:36ea0892b8caeb983af3f285f45fb8dfbb93cfd972439f4e01b7efb2868f6230", size = 58467498, upload-time = "2024-09-29T16:25:39.569Z" },
]

[[package]]
name = "pyqt6-sip"
version = "13.11.0"
source = { registry = "https://pypi.org/simple" }
sdist = { url = "https://files.pythonhosted.org/packages/e3/7d/d2916048e2e3960f68cb4e93907639844f7b8ff95897dcc98553776ccdfc/pyqt6_sip-13.11.0.tar.gz", hash = "sha256:d463af37738bda1856c9ef513e5620a37b7a005e9d589c986c3304db4a8a14d3", size = 92509, upload-time = "2026-01-13T16:01:32.16Z" }
wheels = [
    { url = "https://files.pythonhosted.org/packages/df/a0/46abcae4fce175a326185460a02c13ab81332bca7dd55c1e853ba6aee71e/pyqt6_sip-13.11.0-cp313-cp313-macosx_10_13_universal2.whl", hash = "sha256:929716eebde1a64ffdb6b1715db6a22aefd5634d6df84858c7deb5e85be84fdf", size = 112353, upload-time = "2026-01-13T16:01:16.152Z" },
    { url = "https://files.pythonhosted.org/packages/0e/38/27c3aa3f153fcd83a0765fedf8e44a1136f189a322bcc9c494c5b3793cd7/pyqt6_sip-13.11.0-cp313-cp313-manylinux1_x86_64.manylinux_2_5_x86_64.whl", hash = "sha256:a75144e8a0bcf9d1a9069011890401748af353749f1de1b6a314b880781edf9d", size = 301497, upload-time = "2026-01-13T16:01:20.531Z" },
    { url = "https://files.pythonhosted.org/packages/6f/ac/1053ffce45e4174f0a8174557b88537aa82bf96ba03c7dd208c59de36f69/pyqt6_sip-13.11.0-cp313-cp313-manylinux_2_17_aarch64.manylinux2014_aarch64.whl", hash = "sha256:8082b5f57ffad5dddf5efcf0ef5eaf94841395aa4e7c374c79ef24cf49b0f0ce", size = 323498, upload-time = "2026-01-13T16:01:17.859Z" },
    { url = "https://files.pythonhosted.org/packages/40/d3/447b30d1f00cc50ad9e5c53b2e920068606b16857da83f8036b390c79fad/pyqt6_sip-13.11.0-cp313-cp313-win_amd64.whl", hash = "sha256:8d49b5bf3d8d36cd7db93ddc54cd09dbba96a3fd926e445ef75499b41e47b5a3", size = 53469, upload-time = "2026-01-13T16:01:21.762Z" },
    { url = "https://files.pythonhosted.org/packages/92/67/77e6fafcabd01c0a11166ab7464509896f137929f82c4f2e03aea1bf41b3/pyqt6_sip-13.11.0-cp313-cp313-win_arm64.whl", hash = "sha256:293eac1b53c66c54b03266cc30015ec77454af679043a4f188b9bb80a9656996", size = 48643, upload-time = "2026-01-13T16:01:22.669Z" },
]

[[package]]
name = "pytest"
version = "8.0.2"
source = { registry = "https://pypi.org/simple" }
dependencies = [
    { name = "colorama", marker = "sys_platform == 'win32'" },
    { name = "iniconfig" },
    { name = "packaging" },
    { name = "pluggy" },
]
sdist = { url = "https://files.pythonhosted.org/packages/3f/c0/238f25cb27495fdbaa5c48cef9886162e9df1f3d0e957fc8326d9c24fa2f/pytest-8.0.2.tar.gz", hash = "sha256:d4051d623a2e0b7e51960ba963193b09ce6daeb9759a451844a21e4ddedfc1bd", size = 1396924, upload-time = "2024-02-24T22:21:30.762Z" }
wheels = [
    { url = "https://files.pythonhosted.org/packages/a7/ea/d0ab9595a0d4b2320483e634123171deaf50885e29d442180efcbf2ed0b2/pytest-8.0.2-py3-none-any.whl", hash = "sha256:edfaaef32ce5172d5466b5127b42e0d6d35ebbe4453f0e3505d96afd93f6b096", size = 333984, upload-time = "2024-02-24T22:21:27.561Z" },
]

[[package]]
name = "pytest-mock"
version = "3.15.1"
source = { registry = "https://pypi.org/simple" }
dependencies = [
    { name = "pytest" },
]
sdist = { url = "https://files.pythonhosted.org/packages/68/14/eb014d26be205d38ad5ad20d9a80f7d201472e08167f0bb4361e251084a9/pytest_mock-3.15.1.tar.gz", hash = "sha256:1849a238f6f396da19762269de72cb1814ab44416fa73a8686deac10b0d87a0f", size = 34036, upload-time = "2025-09-16T16:37:27.081Z" }
wheels = [
    { url = "https://files.pythonhosted.org/packages/5a/cc/06253936f4a7fa2e0f48dfe6d851d9c56df896a9ab09ac019d70b760619c/pytest_mock-3.15.1-py3-none-any.whl", hash = "sha256:0a25e2eb88fe5168d535041d09a4529a188176ae608a6d249ee65abc0949630d", size = 10095, upload-time = "2025-09-16T16:37:25.734Z" },
]

[[package]]
name = "python-dateutil"
version = "2.9.0.post0"
source = { registry = "https://pypi.org/simple" }
dependencies = [
    { name = "six" },
]
sdist = { url = "https://files.pythonhosted.org/packages/66/c0/0c8b6ad9f17a802ee498c46e004a0eb49bc148f2fd230864601a86dcf6db/python-dateutil-2.9.0.post0.tar.gz", hash = "sha256:37dd54208da7e1cd875388217d5e00ebd4179249f90fb72437e91a35459a0ad3", size = 342432, upload-time = "2024-03-01T18:36:20.211Z" }
wheels = [
    { url = "https://files.pythonhosted.org/packages/ec/57/56b9bcc3c9c6a792fcbaf139543cee77261f3651ca9da0c93f5c1221264b/python_dateutil-2.9.0.post0-py2.py3-none-any.whl", hash = "sha256:a8b2bc7bffae282281c8140a97d3aa9c14da0b136dfe83f850eea9a5f7470427", size = 229892, upload-time = "2024-03-01T18:36:18.57Z" },
]

[[package]]
name = "pywin32-ctypes"
version = "0.2.3"
source = { registry = "https://pypi.org/simple" }
sdist = { url = "https://files.pythonhosted.org/packages/85/9f/01a1a99704853cb63f253eea009390c88e7131c67e66a0a02099a8c917cb/pywin32-ctypes-0.2.3.tar.gz", hash = "sha256:d162dc04946d704503b2edc4d55f3dba5c1d539ead017afa00142c38b9885755", size = 29471, upload-time = "2024-08-14T10:15:34.626Z" }
wheels = [
    { url = "https://files.pythonhosted.org/packages/de/3d/8161f7711c017e01ac9f008dfddd9410dff3674334c233bde66e7ba65bbf/pywin32_ctypes-0.2.3-py3-none-any.whl", hash = "sha256:8a1513379d709975552d202d942d9837758905c8d01eb82b8bcc30918929e7b8", size = 30756, upload-time = "2024-08-14T10:15:33.187Z" },
]

[[package]]
name = "ruamel-yaml"
version = "0.18.6"
source = { registry = "https://pypi.org/simple" }
sdist = { url = "https://files.pythonhosted.org/packages/29/81/4dfc17eb6ebb1aac314a3eb863c1325b907863a1b8b1382cdffcb6ac0ed9/ruamel.yaml-0.18.6.tar.gz", hash = "sha256:8b27e6a217e786c6fbe5634d8f3f11bc63e0f80f6a5890f28863d9c45aac311b", size = 143362, upload-time = "2024-02-07T06:47:20.283Z" }
wheels = [
    { url = "https://files.pythonhosted.org/packages/73/67/8ece580cc363331d9a53055130f86b096bf16e38156e33b1d3014fffda6b/ruamel.yaml-0.18.6-py3-none-any.whl", hash = "sha256:57b53ba33def16c4f3d807c0ccbc00f8a6081827e81ba2491691b76882d0c636", size = 117761, upload-time = "2024-02-07T06:47:14.898Z" },
]

[[package]]
name = "s3transfer"
version = "0.10.4"
source = { registry = "https://pypi.org/simple" }
dependencies = [
    { name = "botocore" },
]
sdist = { url = "https://files.pythonhosted.org/packages/c0/0a/1cdbabf9edd0ea7747efdf6c9ab4e7061b085aa7f9bfc36bb1601563b069/s3transfer-0.10.4.tar.gz", hash = "sha256:29edc09801743c21eb5ecbc617a152df41d3c287f67b615f73e5f750583666a7", size = 145287, upload-time = "2024-11-20T21:06:05.981Z" }
wheels = [
    { url = "https://files.pythonhosted.org/packages/66/05/7957af15543b8c9799209506df4660cba7afc4cf94bfb60513827e96bed6/s3transfer-0.10.4-py3-none-any.whl", hash = "sha256:244a76a24355363a68164241438de1b72f8781664920260c48465896b712a41e", size = 83175, upload-time = "2024-11-20T21:06:03.961Z" },
]

[[package]]
name = "setuptools"
version = "82.0.0"
source = { registry = "https://pypi.org/simple" }
sdist = { url = "https://files.pythonhosted.org/packages/82/f3/748f4d6f65d1756b9ae577f329c951cda23fb900e4de9f70900ced962085/setuptools-82.0.0.tar.gz", hash = "sha256:22e0a2d69474c6ae4feb01951cb69d515ed23728cf96d05513d36e42b62b37cb", size = 1144893, upload-time = "2026-02-08T15:08:40.206Z" }
wheels = [
    { url = "https://files.pythonhosted.org/packages/e1/c6/76dc613121b793286a3f91621d7b75a2b493e0390ddca50f11993eadf192/setuptools-82.0.0-py3-none-any.whl", hash = "sha256:70b18734b607bd1da571d097d236cfcfacaf01de45717d59e6e04b96877532e0", size = 1003468, upload-time = "2026-02-08T15:08:38.723Z" },
]

[[package]]
name = "six"
version = "1.17.0"
source = { registry = "https://pypi.org/simple" }
sdist = { url = "https://files.pythonhosted.org/packages/94/e7/b2c673351809dca68a0e064b6af791aa332cf192da575fd474ed7d6f16a2/six-1.17.0.tar.gz", hash = "sha256:ff70335d468e7eb6ec65b95b99d3a2836546063f63acc5171de367e834932a81", size = 34031, upload-time = "2024-12-04T17:35:28.174Z" }
wheels = [
    { url = "https://files.pythonhosted.org/packages/b7/ce/149a00dd41f10bc29e5921b496af8b574d8413afcd5e30dfa0ed46c2cc5e/six-1.17.0-py2.py3-none-any.whl", hash = "sha256:4721f391ed90541fddacab5acf947aa0d3dc7d27b2e1e8eda2be8970586c3274", size = 11050, upload-time = "2024-12-04T17:35:26.475Z" },
]

[[package]]
name = "urllib3"
version = "2.6.3"
source = { registry = "https://pypi.org/simple" }
sdist = { url = "https://files.pythonhosted.org/packages/c7/24/5f1b3bdffd70275f6661c76461e25f024d5a38a46f04aaca912426a2b1d3/urllib3-2.6.3.tar.gz", hash = "sha256:1b62b6884944a57dbe321509ab94fd4d3b307075e0c2eae991ac71ee15ad38ed", size = 435556, upload-time = "2026-01-07T16:24:43.925Z" }
wheels = [
    { url = "https://files.pythonhosted.org/packages/39/08/aaaad47bc4e9dc8c725e68f9d04865dbcb2052843ff09c97b08904852d84/urllib3-2.6.3-py3-none-any.whl", hash = "sha256:bf272323e553dfb2e87d9bfd225ca7b0f467b919d7bbd355436d3fd37cb0acd4", size = 131584, upload-time = "2026-01-07T16:24:42.685Z" },
]
